PODS:
  - TimeRange (1.0.0)
  - XCParameterizedTestCase (1.0.1)

DEPENDENCIES:
  - TimeRange (from `../`)
  - XCParameterizedTestCase

EXTERNAL SOURCES:
  TimeRange:
    :path: ../

SPEC CHECKSUMS:
  TimeRange: 5d9c0513818f28c275a755e883ffb90e33f31fd3
  XCParameterizedTestCase: 84ec9dcb08fdfe0afc19d26771ae70c771af44ff

COCOAPODS: 0.34.4
