PODS:
  - TimeRange (0.1.0)
  - XCParameterizedTestCase (1.0.1)

DEPENDENCIES:
  - TimeRange (from `../`)
  - XCParameterizedTestCase

EXTERNAL SOURCES:
  TimeRange:
    :path: ../

SPEC CHECKSUMS:
  TimeRange: 4b2cecce5832bc04ae392143e174ca66f8d4ae4b
  XCParameterizedTestCase: 84ec9dcb08fdfe0afc19d26771ae70c771af44ff

COCOAPODS: 0.34.4
